
Microsoft Visual Studio Solution File, Format Version 12.00
# Visual Studio Version 17
VisualStudioVersion = 17.7.34202.233
MinimumVisualStudioVersion = 10.0.40219.1
Project("{FAE04EC0-301F-11D3-BF4B-00C04F79EFBC}") = "lembrai", "lembrai.csproj", "{461743B3-55C5-4E19-B84C-BFE43FDB1335}"
EndProject
Global
	GlobalSection(SolutionConfigurationPlatforms) = preSolution
		Debug|Any CPU = Debug|Any CPU
		Release|Any CPU = Release|Any CPU
	EndGlobalSection
	GlobalSection(ProjectConfigurationPlatforms) = postSolution
		{461743B3-55C5-4E19-B84C-BFE43FDB1335}.Debug|Any CPU.ActiveCfg = Debug|Any CPU
		{461743B3-55C5-4E19-B84C-BFE43FDB1335}.Debug|Any CPU.Build.0 = Debug|Any CPU
		{461743B3-55C5-4E19-B84C-BFE43FDB1335}.Release|Any CPU.ActiveCfg = Release|Any CPU
		{461743B3-55C5-4E19-B84C-BFE43FDB1335}.Release|Any CPU.Build.0 = Release|Any CPU
	EndGlobalSection
	GlobalSection(SolutionProperties) = preSolution
		HideSolutionNode = FALSE
	EndGlobalSection
	GlobalSection(ExtensibilityGlobals) = postSolution
		SolutionGuid = {6EF6E099-C077-44CF-815F-3D3AAF9F6FB2}
	EndGlobalSection
EndGlobal
